
Microsoft Visual Studio Solution File, Format Version 12.00
# Visual Studio 15
VisualStudioVersion = 15.0.28307.168
MinimumVisualStudioVersion = 10.0.40219.1
Project("{FAE04EC0-301F-11D3-BF4B-00C04F79EFBC}") = "WinFormsHW4_1", "WinFormsHW4_1\WinFormsHW4_1.csproj", "{496C9EE7-8D7C-444C-8F64-F8F83AB5E7A9}"
EndProject
Project("{FAE04EC0-301F-11D3-BF4B-00C04F79EFBC}") = "WinFormsHW4_2", "WinFormsHW4_2\WinFormsHW4_2.csproj", "{5877DFE5-02A5-49F4-8C4A-0C4CE44559B2}"
EndProject
Global
	GlobalSection(SolutionConfigurationPlatforms) = preSolution
		Debug|Any CPU = Debug|Any CPU
		Release|Any CPU = Release|Any CPU
	EndGlobalSection
	GlobalSection(ProjectConfigurationPlatforms) = postSolution
		{496C9EE7-8D7C-444C-8F64-F8F83AB5E7A9}.Debug|Any CPU.ActiveCfg = Debug|Any CPU
		{496C9EE7-8D7C-444C-8F64-F8F83AB5E7A9}.Debug|Any CPU.Build.0 = Debug|Any CPU
		{496C9EE7-8D7C-444C-8F64-F8F83AB5E7A9}.Release|Any CPU.ActiveCfg = Release|Any CPU
		{496C9EE7-8D7C-444C-8F64-F8F83AB5E7A9}.Release|Any CPU.Build.0 = Release|Any CPU
		{5877DFE5-02A5-49F4-8C4A-0C4CE44559B2}.Debug|Any CPU.ActiveCfg = Debug|Any CPU
		{5877DFE5-02A5-49F4-8C4A-0C4CE44559B2}.Debug|Any CPU.Build.0 = Debug|Any CPU
		{5877DFE5-02A5-49F4-8C4A-0C4CE44559B2}.Release|Any CPU.ActiveCfg = Release|Any CPU
		{5877DFE5-02A5-49F4-8C4A-0C4CE44559B2}.Release|Any CPU.Build.0 = Release|Any CPU
	EndGlobalSection
	GlobalSection(SolutionProperties) = preSolution
		HideSolutionNode = FALSE
	EndGlobalSection
	GlobalSection(ExtensibilityGlobals) = postSolution
		SolutionGuid = {2DE641E0-B5B4-4AE8-AD38-D15C119A3580}
	EndGlobalSection
EndGlobal
